{
  "requires": true,
  "lockfileVersion": 1,
  "dependencies": {
    "lax.js": {
      "version": "1.2.0",
      "resolved": "https://registry.npmjs.org/lax.js/-/lax.js-1.2.0.tgz",
      "integrity": "sha512-WnJA/yQpcW4COEbCkGVeCndtYux4c1pl/ZMvA4zK9SKoWwP1DF+ykfnpDVRlaty15qkDAXReiSOtjf+wtfvp5w=="
    }
  }
}
